
Microsoft Visual Studio Solution File, Format Version 12.00
# Visual Studio 15
VisualStudioVersion = 15.0.27130.2026
MinimumVisualStudioVersion = 10.0.40219.1
Project("{FAE04EC0-301F-11D3-BF4B-00C04F79EFBC}") = "ListAPI", "ListAPI\ListAPI.csproj", "{7DFBF68F-9016-45CA-95C4-EC5F1A1DF21B}"
EndProject
Global
	GlobalSection(SolutionConfigurationPlatforms) = preSolution
		Debug|Any CPU = Debug|Any CPU
		Release|Any CPU = Release|Any CPU
	EndGlobalSection
	GlobalSection(ProjectConfigurationPlatforms) = postSolution
		{7DFBF68F-9016-45CA-95C4-EC5F1A1DF21B}.Debug|Any CPU.ActiveCfg = Debug|Any CPU
		{7DFBF68F-9016-45CA-95C4-EC5F1A1DF21B}.Debug|Any CPU.Build.0 = Debug|Any CPU
		{7DFBF68F-9016-45CA-95C4-EC5F1A1DF21B}.Release|Any CPU.ActiveCfg = Release|Any CPU
		{7DFBF68F-9016-45CA-95C4-EC5F1A1DF21B}.Release|Any CPU.Build.0 = Release|Any CPU
	EndGlobalSection
	GlobalSection(SolutionProperties) = preSolution
		HideSolutionNode = FALSE
	EndGlobalSection
	GlobalSection(ExtensibilityGlobals) = postSolution
		SolutionGuid = {84AE681A-909B-4D90-B1F6-0360C66F767D}
	EndGlobalSection
EndGlobal
